
Microsoft Visual Studio Solution File, Format Version 12.00
# Visual Studio 15
VisualStudioVersion = 15.0.27130.2026
MinimumVisualStudioVersion = 10.0.40219.1
Project("{8BC9CEB8-8B4A-11D0-8D11-00A0C91BC942}") = "PacketCaptureEngineTest", "PacketCaptureEngineTest\PacketCaptureEngineTest.vcxproj", "{C999C839-EA85-45CC-BE89-7EE540339D85}"
EndProject
Global
	GlobalSection(SolutionConfigurationPlatforms) = preSolution
		Debug|x64 = Debug|x64
		Debug|x86 = Debug|x86
		Release|x64 = Release|x64
		Release|x86 = Release|x86
	EndGlobalSection
	GlobalSection(ProjectConfigurationPlatforms) = postSolution
		{C999C839-EA85-45CC-BE89-7EE540339D85}.Debug|x64.ActiveCfg = Debug|x64
		{C999C839-EA85-45CC-BE89-7EE540339D85}.Debug|x64.Build.0 = Debug|x64
		{C999C839-EA85-45CC-BE89-7EE540339D85}.Debug|x86.ActiveCfg = Debug|Win32
		{C999C839-EA85-45CC-BE89-7EE540339D85}.Debug|x86.Build.0 = Debug|Win32
		{C999C839-EA85-45CC-BE89-7EE540339D85}.Release|x64.ActiveCfg = Release|x64
		{C999C839-EA85-45CC-BE89-7EE540339D85}.Release|x64.Build.0 = Release|x64
		{C999C839-EA85-45CC-BE89-7EE540339D85}.Release|x86.ActiveCfg = Release|Win32
		{C999C839-EA85-45CC-BE89-7EE540339D85}.Release|x86.Build.0 = Release|Win32
	EndGlobalSection
	GlobalSection(SolutionProperties) = preSolution
		HideSolutionNode = FALSE
	EndGlobalSection
	GlobalSection(ExtensibilityGlobals) = postSolution
		SolutionGuid = {D2E45BB4-BD19-4CE6-8E5D-A48370FC0FEA}
	EndGlobalSection
EndGlobal
